
Microsoft Visual Studio Solution File, Format Version 12.00
# Visual Studio 15
Project("{FAE04EC0-301F-11D3-BF4B-00C04F79EFBC}") = "Assembly-CSharp", "Assembly-CSharp.csproj", "{B8210271-CE38-E995-039F-D5CB5B683C9C}"
EndProject
Project("{FAE04EC0-301F-11D3-BF4B-00C04F79EFBC}") = "Assembly-CSharp-firstpass", "Assembly-CSharp-firstpass.csproj", "{6092A5C9-B148-FC84-2963-52B4D52248A9}"
EndProject
Global
	GlobalSection(SolutionConfigurationPlatforms) = preSolution
		Debug|Any CPU = Debug|Any CPU
		Release|Any CPU = Release|Any CPU
	EndGlobalSection
	GlobalSection(ProjectConfigurationPlatforms) = postSolution
		{B8210271-CE38-E995-039F-D5CB5B683C9C}.Debug|Any CPU.ActiveCfg = Debug|Any CPU
		{B8210271-CE38-E995-039F-D5CB5B683C9C}.Debug|Any CPU.Build.0 = Debug|Any CPU
		{B8210271-CE38-E995-039F-D5CB5B683C9C}.Release|Any CPU.ActiveCfg = Release|Any CPU
		{B8210271-CE38-E995-039F-D5CB5B683C9C}.Release|Any CPU.Build.0 = Release|Any CPU
		{6092A5C9-B148-FC84-2963-52B4D52248A9}.Debug|Any CPU.ActiveCfg = Debug|Any CPU
		{6092A5C9-B148-FC84-2963-52B4D52248A9}.Debug|Any CPU.Build.0 = Debug|Any CPU
		{6092A5C9-B148-FC84-2963-52B4D52248A9}.Release|Any CPU.ActiveCfg = Release|Any CPU
		{6092A5C9-B148-FC84-2963-52B4D52248A9}.Release|Any CPU.Build.0 = Release|Any CPU
	EndGlobalSection
	GlobalSection(SolutionProperties) = preSolution
		HideSolutionNode = FALSE
	EndGlobalSection
EndGlobal
